
Microsoft Visual Studio Solution File, Format Version 12.00
# Visual Studio Version 17
VisualStudioVersion = 17.14.36414.22
MinimumVisualStudioVersion = 10.0.40219.1
Project("{2150E333-8FDC-42A3-9474-1A3956D46DE8}") = "Task0", "Task0", "{02EA681E-C7D8-13C7-8484-4AC65E1B71E8}"
EndProject
Project("{FAE04EC0-301F-11D3-BF4B-00C04F79EFBC}") = "Tyuiu.MolokanovNK.Sprint2.Task0.V19", "Tyuiu.MolokanovNK.Sprint2.Task0.V19\Tyuiu.MolokanovNK.Sprint2.Task0.V19.csproj", "{13E4564D-7F54-4A86-BA31-0C8B0E41DC31}"
EndProject
Project("{FAE04EC0-301F-11D3-BF4B-00C04F79EFBC}") = "Tyuiu.MolokanovNK.Sprint2.Task0.V19.Test", "Tyuiu.MolokanovNK.Sprint2.Task0.V19.Test\Tyuiu.MolokanovNK.Sprint2.Task0.V19.Test.csproj", "{0B880E85-4F77-4B3F-BAC2-4F3E0A782D33}"
EndProject
Project("{FAE04EC0-301F-11D3-BF4B-00C04F79EFBC}") = "Tyuiu.MolokanovNK.Sprint2.Task0.V19.Lib", "Tyuiu.MolokanovNK.Sprint2.Task0.V19.Lib\Tyuiu.MolokanovNK.Sprint2.Task0.V19.Lib.csproj", "{30E554D3-BF4D-47D5-81A0-A1FD255889A5}"
EndProject
Project("{2150E333-8FDC-42A3-9474-1A3956D46DE8}") = "Task1", "Task1", "{62467CE3-C8F4-47A6-AAB3-F28253705373}"
EndProject
Project("{FAE04EC0-301F-11D3-BF4B-00C04F79EFBC}") = "Tyuiu.MolokanovNK.Sprint2.Task1.V24", "Tyuiu.MolokanovNK.Sprint2.Task1.V24\Tyuiu.MolokanovNK.Sprint2.Task1.V24.csproj", "{A0F18F71-A6B5-447F-90DA-1862EECD418B}"
EndProject
Project("{FAE04EC0-301F-11D3-BF4B-00C04F79EFBC}") = "Tyuiu.MolokanovNK.Sprint2.Task1.V24.Lib", "Tyuiu.MolokanovNK.Sprint2.Task1.V24.Lib\Tyuiu.MolokanovNK.Sprint2.Task1.V24.Lib.csproj", "{2A428E6B-3A65-48F1-A676-17D223926C68}"
EndProject
Project("{FAE04EC0-301F-11D3-BF4B-00C04F79EFBC}") = "Tyuiu.MolokanovNK.Sprint2.Task1.V24.Test", "Tyuiu.MolokanovNK.Sprint2.Task1.V24.Test\Tyuiu.MolokanovNK.Sprint2.Task1.V24.Test.csproj", "{289BD924-06BE-4EE2-9E4F-3A44EF9F4CA0}"
EndProject
Project("{2150E333-8FDC-42A3-9474-1A3956D46DE8}") = "Task2", "Task2", "{B86244C8-271A-447A-AF38-D23803B628AF}"
EndProject
Project("{FAE04EC0-301F-11D3-BF4B-00C04F79EFBC}") = "Tyuiu.MolokanovNK.Sprint2.Task2.V14", "Tyuiu.MolokanovNK.Sprint2.Task2.V14\Tyuiu.MolokanovNK.Sprint2.Task2.V14.csproj", "{316E077C-1377-4760-90D6-C71A72B5E2BB}"
EndProject
Project("{FAE04EC0-301F-11D3-BF4B-00C04F79EFBC}") = "Tyuiu.MolokanovNK.Sprint2.Task2.V14.Lib", "Tyuiu.MolokanovNK.Sprint2.Task2.V14.Lib\Tyuiu.MolokanovNK.Sprint2.Task2.V14.Lib.csproj", "{E5E8B17E-B7BB-44F3-84EA-EC8150AD54A5}"
EndProject
Project("{FAE04EC0-301F-11D3-BF4B-00C04F79EFBC}") = "Tyuiu.MolokanovNK.Sprint2.Task2.V14.Test", "Tyuiu.MolokanovNK.Sprint2.Task2.V14.Test\Tyuiu.MolokanovNK.Sprint2.Task2.V14.Test.csproj", "{C87BCAAA-BB59-44FA-9A23-13633D54C025}"
EndProject
Project("{2150E333-8FDC-42A3-9474-1A3956D46DE8}") = "Task3", "Task3", "{91E66BE1-CBFC-4A8C-A101-825551B664DC}"
EndProject
Project("{FAE04EC0-301F-11D3-BF4B-00C04F79EFBC}") = "Tyuiu.MolokanovNK.Sprint2.Task3.V19", "Tyuiu.MolokanovNK.Sprint2.Task3.V19\Tyuiu.MolokanovNK.Sprint2.Task3.V19.csproj", "{0DCD2600-DFD6-4DCB-B582-01ADEF8318FF}"
EndProject
Project("{FAE04EC0-301F-11D3-BF4B-00C04F79EFBC}") = "Tyuiu.MolokanovNK.Sprint2.Task3.V19.Lib", "Tyuiu.MolokanovNK.Sprint2.Task3.V19.Lib\Tyuiu.MolokanovNK.Sprint2.Task3.V19.Lib.csproj", "{80490F87-2813-4E1D-BE15-95F56201898C}"
EndProject
Project("{FAE04EC0-301F-11D3-BF4B-00C04F79EFBC}") = "Tyuiu.MolokanovNK.Sprint2.Task3.V19.Test", "Tyuiu.MolokanovNK.Sprint2.Task3.V19.Test\Tyuiu.MolokanovNK.Sprint2.Task3.V19.Test.csproj", "{18F5BEFC-02F6-43BA-8333-B49E1DC171A5}"
EndProject
Project("{2150E333-8FDC-42A3-9474-1A3956D46DE8}") = "Task4", "Task4", "{3FC0624C-0F8C-4657-B083-0C73A70E905C}"
EndProject
Project("{FAE04EC0-301F-11D3-BF4B-00C04F79EFBC}") = "Tyuiu.MolokanovNK.Sprint2.Task4.V16", "Tyuiu.MolokanovNK.Sprint2.Task4.V16\Tyuiu.MolokanovNK.Sprint2.Task4.V16.csproj", "{6D25098B-E300-4600-8B86-22929D548984}"
EndProject
Project("{FAE04EC0-301F-11D3-BF4B-00C04F79EFBC}") = "Tyuiu.MolokanovNK.Sprint2.Task4.V16.Lib", "Tyuiu.MolokanovNK.Sprint2.Task4.V16.Lib\Tyuiu.MolokanovNK.Sprint2.Task4.V16.Lib.csproj", "{79DCB4C3-7015-439A-88B0-A48C28592F75}"
EndProject
Project("{FAE04EC0-301F-11D3-BF4B-00C04F79EFBC}") = "Tyuiu.MolokanovNK.Sprint2.Task4.V16.Test", "Tyuiu.MolokanovNK.Sprint2.Task4.V16.Test\Tyuiu.MolokanovNK.Sprint2.Task4.V16.Test.csproj", "{EF33A9EE-8572-438F-A11A-3A74ECBFBCE8}"
EndProject
Project("{2150E333-8FDC-42A3-9474-1A3956D46DE8}") = "Task5", "Task5", "{069C88C4-AC82-4312-8BAC-BC2A2F875FCF}"
EndProject
Project("{FAE04EC0-301F-11D3-BF4B-00C04F79EFBC}") = "Tyuiu.MolokanovNK.Sprint2.Task5.V15", "Tyuiu.MolokanovNK.Sprint2.Task5.V15\Tyuiu.MolokanovNK.Sprint2.Task5.V15.csproj", "{82397954-7D0E-412E-BDD8-5A09936D00F2}"
EndProject
Project("{FAE04EC0-301F-11D3-BF4B-00C04F79EFBC}") = "Tyuiu.MolokanovNK.Sprint2.Task5.V15.Lib", "Tyuiu.MolokanovNK.Sprint2.Task5.V15.Lib\Tyuiu.MolokanovNK.Sprint2.Task5.V15.Lib.csproj", "{4015BBA7-01FD-454D-B85D-1F9B2179E050}"
EndProject
Project("{FAE04EC0-301F-11D3-BF4B-00C04F79EFBC}") = "Tyuiu.MolokanovNK.Sprint2.Task5.V15.Test", "Tyuiu.MolokanovNK.Sprint2.Task5.V15.Test\Tyuiu.MolokanovNK.Sprint2.Task5.V15.Test.csproj", "{9B195E21-05A9-4B92-9EE8-FF931650DEC3}"
EndProject
Project("{2150E333-8FDC-42A3-9474-1A3956D46DE8}") = "Task6", "Task6", "{CA4420C4-FB37-4581-B829-DBAE25B30663}"
EndProject
Project("{FAE04EC0-301F-11D3-BF4B-00C04F79EFBC}") = "Tyuiu.MolokanovNK.Sprint2.Task6.V5", "Tyuiu.MolokanovNK.Sprint2.Task6.V5\Tyuiu.MolokanovNK.Sprint2.Task6.V5.csproj", "{48F57184-99F3-4ACF-ACA7-3F8C43C151F7}"
EndProject
Project("{FAE04EC0-301F-11D3-BF4B-00C04F79EFBC}") = "Tyuiu.MolokanovNK.Sprint2.Task6.V5.Lib", "Tyuiu.MolokanovNK.Sprint2.Task6.V5.Lib\Tyuiu.MolokanovNK.Sprint2.Task6.V5.Lib.csproj", "{A864EA3D-56A0-4C44-8434-95793DF1523C}"
EndProject
Project("{FAE04EC0-301F-11D3-BF4B-00C04F79EFBC}") = "Tyuiu.MolokanovNK.Sprint2.Task6.V5.Test", "Tyuiu.MolokanovNK.Sprint2.Task6.V5.Test\Tyuiu.MolokanovNK.Sprint2.Task6.V5.Test.csproj", "{40807E45-8A8F-41AE-AED7-C8B0124395DB}"
EndProject
Global
	GlobalSection(SolutionConfigurationPlatforms) = preSolution
		Debug|Any CPU = Debug|Any CPU
		Release|Any CPU = Release|Any CPU
	EndGlobalSection
	GlobalSection(ProjectConfigurationPlatforms) = postSolution
		{13E4564D-7F54-4A86-BA31-0C8B0E41DC31}.Debug|Any CPU.ActiveCfg = Debug|Any CPU
		{13E4564D-7F54-4A86-BA31-0C8B0E41DC31}.Debug|Any CPU.Build.0 = Debug|Any CPU
		{13E4564D-7F54-4A86-BA31-0C8B0E41DC31}.Release|Any CPU.ActiveCfg = Release|Any CPU
		{13E4564D-7F54-4A86-BA31-0C8B0E41DC31}.Release|Any CPU.Build.0 = Release|Any CPU
		{0B880E85-4F77-4B3F-BAC2-4F3E0A782D33}.Debug|Any CPU.ActiveCfg = Debug|Any CPU
		{0B880E85-4F77-4B3F-BAC2-4F3E0A782D33}.Debug|Any CPU.Build.0 = Debug|Any CPU
		{0B880E85-4F77-4B3F-BAC2-4F3E0A782D33}.Release|Any CPU.ActiveCfg = Release|Any CPU
		{0B880E85-4F77-4B3F-BAC2-4F3E0A782D33}.Release|Any CPU.Build.0 = Release|Any CPU
		{30E554D3-BF4D-47D5-81A0-A1FD255889A5}.Debug|Any CPU.ActiveCfg = Debug|Any CPU
		{30E554D3-BF4D-47D5-81A0-A1FD255889A5}.Debug|Any CPU.Build.0 = Debug|Any CPU
		{30E554D3-BF4D-47D5-81A0-A1FD255889A5}.Release|Any CPU.ActiveCfg = Release|Any CPU
		{30E554D3-BF4D-47D5-81A0-A1FD255889A5}.Release|Any CPU.Build.0 = Release|Any CPU
		{A0F18F71-A6B5-447F-90DA-1862EECD418B}.Debug|Any CPU.ActiveCfg = Debug|Any CPU
		{A0F18F71-A6B5-447F-90DA-1862EECD418B}.Debug|Any CPU.Build.0 = Debug|Any CPU
		{A0F18F71-A6B5-447F-90DA-1862EECD418B}.Release|Any CPU.ActiveCfg = Release|Any CPU
		{A0F18F71-A6B5-447F-90DA-1862EECD418B}.Release|Any CPU.Build.0 = Release|Any CPU
		{2A428E6B-3A65-48F1-A676-17D223926C68}.Debug|Any CPU.ActiveCfg = Debug|Any CPU
		{2A428E6B-3A65-48F1-A676-17D223926C68}.Debug|Any CPU.Build.0 = Debug|Any CPU
		{2A428E6B-3A65-48F1-A676-17D223926C68}.Release|Any CPU.ActiveCfg = Release|Any CPU
		{2A428E6B-3A65-48F1-A676-17D223926C68}.Release|Any CPU.Build.0 = Release|Any CPU
		{289BD924-06BE-4EE2-9E4F-3A44EF9F4CA0}.Debug|Any CPU.ActiveCfg = Debug|Any CPU
		{289BD924-06BE-4EE2-9E4F-3A44EF9F4CA0}.Debug|Any CPU.Build.0 = Debug|Any CPU
		{289BD924-06BE-4EE2-9E4F-3A44EF9F4CA0}.Release|Any CPU.ActiveCfg = Release|Any CPU
		{289BD924-06BE-4EE2-9E4F-3A44EF9F4CA0}.Release|Any CPU.Build.0 = Release|Any CPU
		{316E077C-1377-4760-90D6-C71A72B5E2BB}.Debug|Any CPU.ActiveCfg = Debug|Any CPU
		{316E077C-1377-4760-90D6-C71A72B5E2BB}.Debug|Any CPU.Build.0 = Debug|Any CPU
		{316E077C-1377-4760-90D6-C71A72B5E2BB}.Release|Any CPU.ActiveCfg = Release|Any CPU
		{316E077C-1377-4760-90D6-C71A72B5E2BB}.Release|Any CPU.Build.0 = Release|Any CPU
		{E5E8B17E-B7BB-44F3-84EA-EC8150AD54A5}.Debug|Any CPU.ActiveCfg = Debug|Any CPU
		{E5E8B17E-B7BB-44F3-84EA-EC8150AD54A5}.Debug|Any CPU.Build.0 = Debug|Any CPU
		{E5E8B17E-B7BB-44F3-84EA-EC8150AD54A5}.Release|Any CPU.ActiveCfg = Release|Any CPU
		{E5E8B17E-B7BB-44F3-84EA-EC8150AD54A5}.Release|Any CPU.Build.0 = Release|Any CPU
		{C87BCAAA-BB59-44FA-9A23-13633D54C025}.Debug|Any CPU.ActiveCfg = Debug|Any CPU
		{C87BCAAA-BB59-44FA-9A23-13633D54C025}.Debug|Any CPU.Build.0 = Debug|Any CPU
		{C87BCAAA-BB59-44FA-9A23-13633D54C025}.Release|Any CPU.ActiveCfg = Release|Any CPU
		{C87BCAAA-BB59-44FA-9A23-13633D54C025}.Release|Any CPU.Build.0 = Release|Any CPU
		{0DCD2600-DFD6-4DCB-B582-01ADEF8318FF}.Debug|Any CPU.ActiveCfg = Debug|Any CPU
		{0DCD2600-DFD6-4DCB-B582-01ADEF8318FF}.Debug|Any CPU.Build.0 = Debug|Any CPU
		{0DCD2600-DFD6-4DCB-B582-01ADEF8318FF}.Release|Any CPU.ActiveCfg = Release|Any CPU
		{0DCD2600-DFD6-4DCB-B582-01ADEF8318FF}.Release|Any CPU.Build.0 = Release|Any CPU
		{80490F87-2813-4E1D-BE15-95F56201898C}.Debug|Any CPU.ActiveCfg = Debug|Any CPU
		{80490F87-2813-4E1D-BE15-95F56201898C}.Debug|Any CPU.Build.0 = Debug|Any CPU
		{80490F87-2813-4E1D-BE15-95F56201898C}.Release|Any CPU.ActiveCfg = Release|Any CPU
		{80490F87-2813-4E1D-BE15-95F56201898C}.Release|Any CPU.Build.0 = Release|Any CPU
		{18F5BEFC-02F6-43BA-8333-B49E1DC171A5}.Debug|Any CPU.ActiveCfg = Debug|Any CPU
		{18F5BEFC-02F6-43BA-8333-B49E1DC171A5}.Debug|Any CPU.Build.0 = Debug|Any CPU
		{18F5BEFC-02F6-43BA-8333-B49E1DC171A5}.Release|Any CPU.ActiveCfg = Release|Any CPU
		{18F5BEFC-02F6-43BA-8333-B49E1DC171A5}.Release|Any CPU.Build.0 = Release|Any CPU
		{6D25098B-E300-4600-8B86-22929D548984}.Debug|Any CPU.ActiveCfg = Debug|Any CPU
		{6D25098B-E300-4600-8B86-22929D548984}.Debug|Any CPU.Build.0 = Debug|Any CPU
		{6D25098B-E300-4600-8B86-22929D548984}.Release|Any CPU.ActiveCfg = Release|Any CPU
		{6D25098B-E300-4600-8B86-22929D548984}.Release|Any CPU.Build.0 = Release|Any CPU
		{79DCB4C3-7015-439A-88B0-A48C28592F75}.Debug|Any CPU.ActiveCfg = Debug|Any CPU
		{79DCB4C3-7015-439A-88B0-A48C28592F75}.Debug|Any CPU.Build.0 = Debug|Any CPU
		{79DCB4C3-7015-439A-88B0-A48C28592F75}.Release|Any CPU.ActiveCfg = Release|Any CPU
		{79DCB4C3-7015-439A-88B0-A48C28592F75}.Release|Any CPU.Build.0 = Release|Any CPU
		{EF33A9EE-8572-438F-A11A-3A74ECBFBCE8}.Debug|Any CPU.ActiveCfg = Debug|Any CPU
		{EF33A9EE-8572-438F-A11A-3A74ECBFBCE8}.Debug|Any CPU.Build.0 = Debug|Any CPU
		{EF33A9EE-8572-438F-A11A-3A74ECBFBCE8}.Release|Any CPU.ActiveCfg = Release|Any CPU
		{EF33A9EE-8572-438F-A11A-3A74ECBFBCE8}.Release|Any CPU.Build.0 = Release|Any CPU
		{82397954-7D0E-412E-BDD8-5A09936D00F2}.Debug|Any CPU.ActiveCfg = Debug|Any CPU
		{82397954-7D0E-412E-BDD8-5A09936D00F2}.Debug|Any CPU.Build.0 = Debug|Any CPU
		{82397954-7D0E-412E-BDD8-5A09936D00F2}.Release|Any CPU.ActiveCfg = Release|Any CPU
		{82397954-7D0E-412E-BDD8-5A09936D00F2}.Release|Any CPU.Build.0 = Release|Any CPU
		{4015BBA7-01FD-454D-B85D-1F9B2179E050}.Debug|Any CPU.ActiveCfg = Debug|Any CPU
		{4015BBA7-01FD-454D-B85D-1F9B2179E050}.Debug|Any CPU.Build.0 = Debug|Any CPU
		{4015BBA7-01FD-454D-B85D-1F9B2179E050}.Release|Any CPU.ActiveCfg = Release|Any CPU
		{4015BBA7-01FD-454D-B85D-1F9B2179E050}.Release|Any CPU.Build.0 = Release|Any CPU
		{9B195E21-05A9-4B92-9EE8-FF931650DEC3}.Debug|Any CPU.ActiveCfg = Debug|Any CPU
		{9B195E21-05A9-4B92-9EE8-FF931650DEC3}.Debug|Any CPU.Build.0 = Debug|Any CPU
		{9B195E21-05A9-4B92-9EE8-FF931650DEC3}.Release|Any CPU.ActiveCfg = Release|Any CPU
		{9B195E21-05A9-4B92-9EE8-FF931650DEC3}.Release|Any CPU.Build.0 = Release|Any CPU
		{48F57184-99F3-4ACF-ACA7-3F8C43C151F7}.Debug|Any CPU.ActiveCfg = Debug|Any CPU
		{48F57184-99F3-4ACF-ACA7-3F8C43C151F7}.Debug|Any CPU.Build.0 = Debug|Any CPU
		{48F57184-99F3-4ACF-ACA7-3F8C43C151F7}.Release|Any CPU.ActiveCfg = Release|Any CPU
		{48F57184-99F3-4ACF-ACA7-3F8C43C151F7}.Release|Any CPU.Build.0 = Release|Any CPU
		{A864EA3D-56A0-4C44-8434-95793DF1523C}.Debug|Any CPU.ActiveCfg = Debug|Any CPU
		{A864EA3D-56A0-4C44-8434-95793DF1523C}.Debug|Any CPU.Build.0 = Debug|Any CPU
		{A864EA3D-56A0-4C44-8434-95793DF1523C}.Release|Any CPU.ActiveCfg = Release|Any CPU
		{A864EA3D-56A0-4C44-8434-95793DF1523C}.Release|Any CPU.Build.0 = Release|Any CPU
		{40807E45-8A8F-41AE-AED7-C8B0124395DB}.Debug|Any CPU.ActiveCfg = Debug|Any CPU
		{40807E45-8A8F-41AE-AED7-C8B0124395DB}.Debug|Any CPU.Build.0 = Debug|Any CPU
		{40807E45-8A8F-41AE-AED7-C8B0124395DB}.Release|Any CPU.ActiveCfg = Release|Any CPU
		{40807E45-8A8F-41AE-AED7-C8B0124395DB}.Release|Any CPU.Build.0 = Release|Any CPU
	EndGlobalSection
	GlobalSection(SolutionProperties) = preSolution
		HideSolutionNode = FALSE
	EndGlobalSection
	GlobalSection(NestedProjects) = preSolution
		{13E4564D-7F54-4A86-BA31-0C8B0E41DC31} = {02EA681E-C7D8-13C7-8484-4AC65E1B71E8}
		{0B880E85-4F77-4B3F-BAC2-4F3E0A782D33} = {02EA681E-C7D8-13C7-8484-4AC65E1B71E8}
		{30E554D3-BF4D-47D5-81A0-A1FD255889A5} = {02EA681E-C7D8-13C7-8484-4AC65E1B71E8}
		{A0F18F71-A6B5-447F-90DA-1862EECD418B} = {62467CE3-C8F4-47A6-AAB3-F28253705373}
		{2A428E6B-3A65-48F1-A676-17D223926C68} = {62467CE3-C8F4-47A6-AAB3-F28253705373}
		{289BD924-06BE-4EE2-9E4F-3A44EF9F4CA0} = {62467CE3-C8F4-47A6-AAB3-F28253705373}
		{316E077C-1377-4760-90D6-C71A72B5E2BB} = {B86244C8-271A-447A-AF38-D23803B628AF}
		{E5E8B17E-B7BB-44F3-84EA-EC8150AD54A5} = {B86244C8-271A-447A-AF38-D23803B628AF}
		{C87BCAAA-BB59-44FA-9A23-13633D54C025} = {B86244C8-271A-447A-AF38-D23803B628AF}
		{0DCD2600-DFD6-4DCB-B582-01ADEF8318FF} = {91E66BE1-CBFC-4A8C-A101-825551B664DC}
		{80490F87-2813-4E1D-BE15-95F56201898C} = {91E66BE1-CBFC-4A8C-A101-825551B664DC}
		{18F5BEFC-02F6-43BA-8333-B49E1DC171A5} = {91E66BE1-CBFC-4A8C-A101-825551B664DC}
		{6D25098B-E300-4600-8B86-22929D548984} = {3FC0624C-0F8C-4657-B083-0C73A70E905C}
		{79DCB4C3-7015-439A-88B0-A48C28592F75} = {3FC0624C-0F8C-4657-B083-0C73A70E905C}
		{EF33A9EE-8572-438F-A11A-3A74ECBFBCE8} = {3FC0624C-0F8C-4657-B083-0C73A70E905C}
		{82397954-7D0E-412E-BDD8-5A09936D00F2} = {069C88C4-AC82-4312-8BAC-BC2A2F875FCF}
		{4015BBA7-01FD-454D-B85D-1F9B2179E050} = {069C88C4-AC82-4312-8BAC-BC2A2F875FCF}
		{9B195E21-05A9-4B92-9EE8-FF931650DEC3} = {069C88C4-AC82-4312-8BAC-BC2A2F875FCF}
		{48F57184-99F3-4ACF-ACA7-3F8C43C151F7} = {CA4420C4-FB37-4581-B829-DBAE25B30663}
		{A864EA3D-56A0-4C44-8434-95793DF1523C} = {CA4420C4-FB37-4581-B829-DBAE25B30663}
		{40807E45-8A8F-41AE-AED7-C8B0124395DB} = {CA4420C4-FB37-4581-B829-DBAE25B30663}
	EndGlobalSection
	GlobalSection(ExtensibilityGlobals) = postSolution
		SolutionGuid = {29A561ED-3021-4F68-9988-1D90D7083936}
	EndGlobalSection
EndGlobal
